
Microsoft Visual Studio Solution File, Format Version 12.00
# Visual Studio Version 17
VisualStudioVersion = 17.5.002.0
MinimumVisualStudioVersion = 10.0.40219.1
Project("{9A19103F-16F7-4668-BE54-9A1E7A4F7556}") = "HashComparisons", "HashComparisons.csproj", "{48AF8FF1-8BF0-4A2E-ABE2-79E2A1AD682C}"
EndProject
Global
	GlobalSection(SolutionConfigurationPlatforms) = preSolution
		Debug|Any CPU = Debug|Any CPU
		Release|Any CPU = Release|Any CPU
	EndGlobalSection
	GlobalSection(ProjectConfigurationPlatforms) = postSolution
		{48AF8FF1-8BF0-4A2E-ABE2-79E2A1AD682C}.Debug|Any CPU.ActiveCfg = Debug|Any CPU
		{48AF8FF1-8BF0-4A2E-ABE2-79E2A1AD682C}.Debug|Any CPU.Build.0 = Debug|Any CPU
		{48AF8FF1-8BF0-4A2E-ABE2-79E2A1AD682C}.Release|Any CPU.ActiveCfg = Release|Any CPU
		{48AF8FF1-8BF0-4A2E-ABE2-79E2A1AD682C}.Release|Any CPU.Build.0 = Release|Any CPU
	EndGlobalSection
	GlobalSection(SolutionProperties) = preSolution
		HideSolutionNode = FALSE
	EndGlobalSection
	GlobalSection(ExtensibilityGlobals) = postSolution
		SolutionGuid = {3AF9B50A-4F8F-413F-B1CE-C3BE99A278AC}
	EndGlobalSection
EndGlobal
