
Microsoft Visual Studio Solution File, Format Version 12.00
# Visual Studio Version 17
VisualStudioVersion = 17.5.002.0
MinimumVisualStudioVersion = 10.0.40219.1
Project("{9A19103F-16F7-4668-BE54-9A1E7A4F7556}") = "RestricoesDeGenerics", "RestricoesDeGenerics.csproj", "{E09597D2-3361-405E-B090-3FFB0ED79BA9}"
EndProject
Global
	GlobalSection(SolutionConfigurationPlatforms) = preSolution
		Debug|Any CPU = Debug|Any CPU
		Release|Any CPU = Release|Any CPU
	EndGlobalSection
	GlobalSection(ProjectConfigurationPlatforms) = postSolution
		{E09597D2-3361-405E-B090-3FFB0ED79BA9}.Debug|Any CPU.ActiveCfg = Debug|Any CPU
		{E09597D2-3361-405E-B090-3FFB0ED79BA9}.Debug|Any CPU.Build.0 = Debug|Any CPU
		{E09597D2-3361-405E-B090-3FFB0ED79BA9}.Release|Any CPU.ActiveCfg = Release|Any CPU
		{E09597D2-3361-405E-B090-3FFB0ED79BA9}.Release|Any CPU.Build.0 = Release|Any CPU
	EndGlobalSection
	GlobalSection(SolutionProperties) = preSolution
		HideSolutionNode = FALSE
	EndGlobalSection
	GlobalSection(ExtensibilityGlobals) = postSolution
		SolutionGuid = {78040FD4-A581-4ABA-B7EA-76F962E7A0F9}
	EndGlobalSection
EndGlobal
